// !$*UTF8*$!
{
	archiveVersion = 1;
	classes = {
	};
	objectVersion = 50;
	objects = {

/* Begin PBXBuildFile section */
		A3D733999DF6C21CBD62EB44 /* Pods_IAPHelperDemo.framework in Frameworks */ = {isa = PBXBuildFile; fileRef = E544550F0FEA5C116ACA548F /* Pods_IAPHelperDemo.framework */; };
		DD32CF6C22303A0400069D7C /* AppDelegate.swift in Sources */ = {isa = PBXBuildFile; fileRef = DD32CF6B22303A0400069D7C /* AppDelegate.swift */; };
		DD32CF6E22303A0400069D7C /* ViewController.swift in Sources */ = {isa = PBXBuildFile; fileRef = DD32CF6D22303A0400069D7C /* ViewController.swift */; };
		DD32CF7322303A0500069D7C /* Assets.xcassets in Resources */ = {isa = PBXBuildFile; fileRef = DD32CF7222303A0500069D7C /* Assets.xcassets */; };
		DD32CF7622303A0500069D7C /* LaunchScreen.storyboard in Resources */ = {isa = PBXBuildFile; fileRef = DD32CF7422303A0500069D7C /* LaunchScreen.storyboard */; };
		DD32CF8022303B6300069D7C /* IAPHelper.swift in Sources */ = {isa = PBXBuildFile; fileRef = DD32CF7E22303B6300069D7C /* IAPHelper.swift */; };
		DD32CF8122303B6300069D7C /* README.md in Resources */ = {isa = PBXBuildFile; fileRef = DD32CF7F22303B6300069D7C /* README.md */; };
		DD32CF85223061C500069D7C /* spinner.swift in Sources */ = {isa = PBXBuildFile; fileRef = DD32CF84223061C500069D7C /* spinner.swift */; };
/* End PBXBuildFile section */

/* Begin PBXFileReference section */
		0CF7A7FCB307756CAA6F4CC5 /* Pods-IAPHelperDemo.release.xcconfig */ = {isa = PBXFileReference; includeInIndex = 1; lastKnownFileType = text.xcconfig; name = "Pods-IAPHelperDemo.release.xcconfig"; path = "Pods/Target Support Files/Pods-IAPHelperDemo/Pods-IAPHelperDemo.release.xcconfig"; sourceTree = "<group>"; };
		5DE52D2C04C68A3CF676F675 /* Pods-IAPHelperDemo.debug.xcconfig */ = {isa = PBXFileReference; includeInIndex = 1; lastKnownFileType = text.xcconfig; name = "Pods-IAPHelperDemo.debug.xcconfig"; path = "Pods/Target Support Files/Pods-IAPHelperDemo/Pods-IAPHelperDemo.debug.xcconfig"; sourceTree = "<group>"; };
		DD32CF6822303A0400069D7C /* IAPHelperDemo.app */ = {isa = PBXFileReference; explicitFileType = wrapper.application; includeInIndex = 0; path = IAPHelperDemo.app; sourceTree = BUILT_PRODUCTS_DIR; };
		DD32CF6B22303A0400069D7C /* AppDelegate.swift */ = {isa = PBXFileReference; lastKnownFileType = sourcecode.swift; path = AppDelegate.swift; sourceTree = "<group>"; };
		DD32CF6D22303A0400069D7C /* ViewController.swift */ = {isa = PBXFileReference; lastKnownFileType = sourcecode.swift; path = ViewController.swift; sourceTree = "<group>"; };
		DD32CF7222303A0500069D7C /* Assets.xcassets */ = {isa = PBXFileReference; lastKnownFileType = folder.assetcatalog; path = Assets.xcassets; sourceTree = "<group>"; };
		DD32CF7522303A0500069D7C /* Base */ = {isa = PBXFileReference; lastKnownFileType = file.storyboard; name = Base; path = Base.lproj/LaunchScreen.storyboard; sourceTree = "<group>"; };
		DD32CF7722303A0500069D7C /* Info.plist */ = {isa = PBXFileReference; lastKnownFileType = text.plist.xml; path = Info.plist; sourceTree = "<group>"; };
		DD32CF7E22303B6300069D7C /* IAPHelper.swift */ = {isa = PBXFileReference; fileEncoding = 4; lastKnownFileType = sourcecode.swift; path = IAPHelper.swift; sourceTree = "<group>"; };
		DD32CF7F22303B6300069D7C /* README.md */ = {isa = PBXFileReference; fileEncoding = 4; lastKnownFileType = net.daringfireball.markdown; path = README.md; sourceTree = "<group>"; };
		DD32CF84223061C500069D7C /* spinner.swift */ = {isa = PBXFileReference; lastKnownFileType = sourcecode.swift; path = spinner.swift; sourceTree = "<group>"; };
		E544550F0FEA5C116ACA548F /* Pods_IAPHelperDemo.framework */ = {isa = PBXFileReference; explicitFileType = wrapper.framework; includeInIndex = 0; path = Pods_IAPHelperDemo.framework; sourceTree = BUILT_PRODUCTS_DIR; };
/* End PBXFileReference section */

/* Begin PBXFrameworksBuildPhase section */
		DD32CF6522303A0400069D7C /* Frameworks */ = {
			isa = PBXFrameworksBuildPhase;
			buildActionMask = 2147483647;
			files = (
				A3D733999DF6C21CBD62EB44 /* Pods_IAPHelperDemo.framework in Frameworks */,
			);
			runOnlyForDeploymentPostprocessing = 0;
		};
/* End PBXFrameworksBuildPhase section */

/* Begin PBXGroup section */
		846CC362BB704C0F08B51D18 /* Frameworks */ = {
			isa = PBXGroup;
			children = (
				E544550F0FEA5C116ACA548F /* Pods_IAPHelperDemo.framework */,
			);
			name = Frameworks;
			sourceTree = "<group>";
		};
		DD32CF5F22303A0400069D7C = {
			isa = PBXGroup;
			children = (
				DD32CF6A22303A0400069D7C /* IAPHelperDemo */,
				DD32CF6922303A0400069D7C /* Products */,
				F85C44F033D69A9B092BF387 /* Pods */,
				846CC362BB704C0F08B51D18 /* Frameworks */,
			);
			sourceTree = "<group>";
		};
		DD32CF6922303A0400069D7C /* Products */ = {
			isa = PBXGroup;
			children = (
				DD32CF6822303A0400069D7C /* IAPHelperDemo.app */,
			);
			name = Products;
			sourceTree = "<group>";
		};
		DD32CF6A22303A0400069D7C /* IAPHelperDemo */ = {
			isa = PBXGroup;
			children = (
				DD32CF6B22303A0400069D7C /* AppDelegate.swift */,
				DD32CF6D22303A0400069D7C /* ViewController.swift */,
				DD32CF7D22303B6300069D7C /* SwiftyStoreKitHelper */,
				DD32CF7222303A0500069D7C /* Assets.xcassets */,
				DD32CF7422303A0500069D7C /* LaunchScreen.storyboard */,
				DD32CF7722303A0500069D7C /* Info.plist */,
				DD32CF84223061C500069D7C /* spinner.swift */,
			);
			path = IAPHelperDemo;
			sourceTree = "<group>";
		};
		DD32CF7D22303B6300069D7C /* SwiftyStoreKitHelper */ = {
			isa = PBXGroup;
			children = (
				DD32CF7E22303B6300069D7C /* IAPHelper.swift */,
				DD32CF7F22303B6300069D7C /* README.md */,
			);
			path = SwiftyStoreKitHelper;
			sourceTree = "<group>";
		};
		F85C44F033D69A9B092BF387 /* Pods */ = {
			isa = PBXGroup;
			children = (
				5DE52D2C04C68A3CF676F675 /* Pods-IAPHelperDemo.debug.xcconfig */,
				0CF7A7FCB307756CAA6F4CC5 /* Pods-IAPHelperDemo.release.xcconfig */,
			);
			name = Pods;
			sourceTree = "<group>";
		};
/* End PBXGroup section */

/* Begin PBXNativeTarget section */
		DD32CF6722303A0400069D7C /* IAPHelperDemo */ = {
			isa = PBXNativeTarget;
			buildConfigurationList = DD32CF7A22303A0500069D7C /* Build configuration list for PBXNativeTarget "IAPHelperDemo" */;
			buildPhases = (
				E0E4695FF28B0244617DD02D /* [CP] Check Pods Manifest.lock */,
				DD32CF6422303A0400069D7C /* Sources */,
				DD32CF6522303A0400069D7C /* Frameworks */,
				DD32CF6622303A0400069D7C /* Resources */,
				0DF9341C16BC78BD22EBB501 /* [CP] Embed Pods Frameworks */,
			);
			buildRules = (
			);
			dependencies = (
			);
			name = IAPHelperDemo;
			productName = IAPHelperDemo;
			productReference = DD32CF6822303A0400069D7C /* IAPHelperDemo.app */;
			productType = "com.apple.product-type.application";
		};
/* End PBXNativeTarget section */

/* Begin PBXProject section */
		DD32CF6022303A0400069D7C /* Project object */ = {
			isa = PBXProject;
			attributes = {
				LastSwiftUpdateCheck = 1010;
				LastUpgradeCheck = 1010;
				ORGANIZATIONNAME = BEANT;
				TargetAttributes = {
					DD32CF6722303A0400069D7C = {
						CreatedOnToolsVersion = 10.1;
						SystemCapabilities = {
							com.apple.InAppPurchase = {
								enabled = 0;
							};
						};
					};
				};
			};
			buildConfigurationList = DD32CF6322303A0400069D7C /* Build configuration list for PBXProject "IAPHelperDemo" */;
			compatibilityVersion = "Xcode 9.3";
			developmentRegion = en;
			hasScannedForEncodings = 0;
			knownRegions = (
				en,
				Base,
			);
			mainGroup = DD32CF5F22303A0400069D7C;
			productRefGroup = DD32CF6922303A0400069D7C /* Products */;
			projectDirPath = "";
			projectRoot = "";
			targets = (
				DD32CF6722303A0400069D7C /* IAPHelperDemo */,
			);
		};
/* End PBXProject section */

/* Begin PBXResourcesBuildPhase section */
		DD32CF6622303A0400069D7C /* Resources */ = {
			isa = PBXResourcesBuildPhase;
			buildActionMask = 2147483647;
			files = (
				DD32CF8122303B6300069D7C /* README.md in Resources */,
				DD32CF7622303A0500069D7C /* LaunchScreen.storyboard in Resources */,
				DD32CF7322303A0500069D7C /* Assets.xcassets in Resources */,
			);
			runOnlyForDeploymentPostprocessing = 0;
		};
/* End PBXResourcesBuildPhase section */

/* Begin PBXShellScriptBuildPhase section */
		0DF9341C16BC78BD22EBB501 /* [CP] Embed Pods Frameworks */ = {
			isa = PBXShellScriptBuildPhase;
			buildActionMask = 2147483647;
			files = (
			);
			inputPaths = (
				"${SRCROOT}/Pods/Target Support Files/Pods-IAPHelperDemo/Pods-IAPHelperDemo-frameworks.sh",
				"${BUILT_PRODUCTS_DIR}/SwiftyStoreKit/SwiftyStoreKit.framework",
				"${BUILT_PRODUCTS_DIR}/TinyConstraints/TinyConstraints.framework",
			);
			name = "[CP] Embed Pods Frameworks";
			outputPaths = (
				"${TARGET_BUILD_DIR}/${FRAMEWORKS_FOLDER_PATH}/SwiftyStoreKit.framework",
				"${TARGET_BUILD_DIR}/${FRAMEWORKS_FOLDER_PATH}/TinyConstraints.framework",
			);
			runOnlyForDeploymentPostprocessing = 0;
			shellPath = /bin/sh;
			shellScript = "\"${SRCROOT}/Pods/Target Support Files/Pods-IAPHelperDemo/Pods-IAPHelperDemo-frameworks.sh\"\n";
			showEnvVarsInLog = 0;
		};
		E0E4695FF28B0244617DD02D /* [CP] Check Pods Manifest.lock */ = {
			isa = PBXShellScriptBuildPhase;
			buildActionMask = 2147483647;
			files = (
			);
			inputPaths = (
				"${PODS_PODFILE_DIR_PATH}/Podfile.lock",
				"${PODS_ROOT}/Manifest.lock",
			);
			name = "[CP] Check Pods Manifest.lock";
			outputPaths = (
				"$(DERIVED_FILE_DIR)/Pods-IAPHelperDemo-checkManifestLockResult.txt",
			);
			runOnlyForDeploymentPostprocessing = 0;
			shellPath = /bin/sh;
			shellScript = "diff \"${PODS_PODFILE_DIR_PATH}/Podfile.lock\" \"${PODS_ROOT}/Manifest.lock\" > /dev/null\nif [ $? != 0 ] ; then\n    # print error to STDERR\n    echo \"error: The sandbox is not in sync with the Podfile.lock. Run 'pod install' or update your CocoaPods installation.\" >&2\n    exit 1\nfi\n# This output is used by Xcode 'outputs' to avoid re-running this script phase.\necho \"SUCCESS\" > \"${SCRIPT_OUTPUT_FILE_0}\"\n";
			showEnvVarsInLog = 0;
		};
/* End PBXShellScriptBuildPhase section */

/* Begin PBXSourcesBuildPhase section */
		DD32CF6422303A0400069D7C /* Sources */ = {
			isa = PBXSourcesBuildPhase;
			buildActionMask = 2147483647;
			files = (
				DD32CF6E22303A0400069D7C /* ViewController.swift in Sources */,
				DD32CF8022303B6300069D7C /* IAPHelper.swift in Sources */,
				DD32CF6C22303A0400069D7C /* AppDelegate.swift in Sources */,
				DD32CF85223061C500069D7C /* spinner.swift in Sources */,
			);
			runOnlyForDeploymentPostprocessing = 0;
		};
/* End PBXSourcesBuildPhase section */

/* Begin PBXVariantGroup section */
		DD32CF7422303A0500069D7C /* LaunchScreen.storyboard */ = {
			isa = PBXVariantGroup;
			children = (
				DD32CF7522303A0500069D7C /* Base */,
			);
			name = LaunchScreen.storyboard;
			sourceTree = "<group>";
		};
/* End PBXVariantGroup section */

/* Begin XCBuildConfiguration section */
		DD32CF7822303A0500069D7C /* Debug */ = {
			isa = XCBuildConfiguration;
			buildSettings = {
				ALWAYS_SEARCH_USER_PATHS = NO;
				CLANG_ANALYZER_NONNULL = YES;
				CLANG_ANALYZER_NUMBER_OBJECT_CONVERSION = YES_AGGRESSIVE;
				CLANG_CXX_LANGUAGE_STANDARD = "gnu++14";
				CLANG_CXX_LIBRARY = "libc++";
				CLANG_ENABLE_MODULES = YES;
				CLANG_ENABLE_OBJC_ARC = YES;
				CLANG_ENABLE_OBJC_WEAK = YES;
				CLANG_WARN_BLOCK_CAPTURE_AUTORELEASING = YES;
				CLANG_WARN_BOOL_CONVERSION = YES;
				CLANG_WARN_COMMA = YES;
				CLANG_WARN_CONSTANT_CONVERSION = YES;
				CLANG_WARN_DEPRECATED_OBJC_IMPLEMENTATIONS = YES;
				CLANG_WARN_DIRECT_OBJC_ISA_USAGE = YES_ERROR;
				CLANG_WARN_DOCUMENTATION_COMMENTS = YES;
				CLANG_WARN_EMPTY_BODY = YES;
				CLANG_WARN_ENUM_CONVERSION = YES;
				CLANG_WARN_INFINITE_RECURSION = YES;
				CLANG_WARN_INT_CONVERSION = YES;
				CLANG_WARN_NON_LITERAL_NULL_CONVERSION = YES;
				CLANG_WARN_OBJC_IMPLICIT_RETAIN_SELF = YES;
				CLANG_WARN_OBJC_LITERAL_CONVERSION = YES;
				CLANG_WARN_OBJC_ROOT_CLASS = YES_ERROR;
				CLANG_WARN_RANGE_LOOP_ANALYSIS = YES;
				CLANG_WARN_STRICT_PROTOTYPES = YES;
				CLANG_WARN_SUSPICIOUS_MOVE = YES;
				CLANG_WARN_UNGUARDED_AVAILABILITY = YES_AGGRESSIVE;
				CLANG_WARN_UNREACHABLE_CODE = YES;
				CLANG_WARN__DUPLICATE_METHOD_MATCH = YES;
				CODE_SIGN_IDENTITY = "iPhone Developer";
				COPY_PHASE_STRIP = NO;
				DEBUG_INFORMATION_FORMAT = dwarf;
				ENABLE_STRICT_OBJC_MSGSEND = YES;
				ENABLE_TESTABILITY = YES;
				GCC_C_LANGUAGE_STANDARD = gnu11;
				GCC_DYNAMIC_NO_PIC = NO;
				GCC_NO_COMMON_BLOCKS = YES;
				GCC_OPTIMIZATION_LEVEL = 0;
				GCC_PREPROCESSOR_DEFINITIONS = (
					"DEBUG=1",
					"$(inherited)",
				);
				GCC_WARN_64_TO_32_BIT_CONVERSION = YES;
				GCC_WARN_ABOUT_RETURN_TYPE = YES_ERROR;
				GCC_WARN_UNDECLARED_SELECTOR = YES;
				GCC_WARN_UNINITIALIZED_AUTOS = YES_AGGRESSIVE;
				GCC_WARN_UNUSED_FUNCTION = YES;
				GCC_WARN_UNUSED_VARIABLE = YES;
				IPHONEOS_DEPLOYMENT_TARGET = 12.1;
				MTL_ENABLE_DEBUG_INFO = INCLUDE_SOURCE;
				MTL_FAST_MATH = YES;
				ONLY_ACTIVE_ARCH = YES;
				SDKROOT = iphoneos;
				SWIFT_ACTIVE_COMPILATION_CONDITIONS = DEBUG;
				SWIFT_OPTIMIZATION_LEVEL = "-Onone";
			};
			name = Debug;
		};
		DD32CF7922303A0500069D7C /* Release */ = {
			isa = XCBuildConfiguration;
			buildSettings = {
				ALWAYS_SEARCH_USER_PATHS = NO;
				CLANG_ANALYZER_NONNULL = YES;
				CLANG_ANALYZER_NUMBER_OBJECT_CONVERSION = YES_AGGRESSIVE;
				CLANG_CXX_LANGUAGE_STANDARD = "gnu++14";
				CLANG_CXX_LIBRARY = "libc++";
				CLANG_ENABLE_MODULES = YES;
				CLANG_ENABLE_OBJC_ARC = YES;
				CLANG_ENABLE_OBJC_WEAK = YES;
				CLANG_WARN_BLOCK_CAPTURE_AUTORELEASING = YES;
				CLANG_WARN_BOOL_CONVERSION = YES;
				CLANG_WARN_COMMA = YES;
				CLANG_WARN_CONSTANT_CONVERSION = YES;
				CLANG_WARN_DEPRECATED_OBJC_IMPLEMENTATIONS = YES;
				CLANG_WARN_DIRECT_OBJC_ISA_USAGE = YES_ERROR;
				CLANG_WARN_DOCUMENTATION_COMMENTS = YES;
				CLANG_WARN_EMPTY_BODY = YES;
				CLANG_WARN_ENUM_CONVERSION = YES;
				CLANG_WARN_INFINITE_RECURSION = YES;
				CLANG_WARN_INT_CONVERSION = YES;
				CLANG_WARN_NON_LITERAL_NULL_CONVERSION = YES;
				CLANG_WARN_OBJC_IMPLICIT_RETAIN_SELF = YES;
				CLANG_WARN_OBJC_LITERAL_CONVERSION = YES;
				CLANG_WARN_OBJC_ROOT_CLASS = YES_ERROR;
				CLANG_WARN_RANGE_LOOP_ANALYSIS = YES;
				CLANG_WARN_STRICT_PROTOTYPES = YES;
				CLANG_WARN_SUSPICIOUS_MOVE = YES;
				CLANG_WARN_UNGUARDED_AVAILABILITY = YES_AGGRESSIVE;
				CLANG_WARN_UNREACHABLE_CODE = YES;
				CLANG_WARN__DUPLICATE_METHOD_MATCH = YES;
				CODE_SIGN_IDENTITY = "iPhone Developer";
				COPY_PHASE_STRIP = NO;
				DEBUG_INFORMATION_FORMAT = "dwarf-with-dsym";
				ENABLE_NS_ASSERTIONS = NO;
				ENABLE_STRICT_OBJC_MSGSEND = YES;
				GCC_C_LANGUAGE_STANDARD = gnu11;
				GCC_NO_COMMON_BLOCKS = YES;
				GCC_WARN_64_TO_32_BIT_CONVERSION = YES;
				GCC_WARN_ABOUT_RETURN_TYPE = YES_ERROR;
				GCC_WARN_UNDECLARED_SELECTOR = YES;
				GCC_WARN_UNINITIALIZED_AUTOS = YES_AGGRESSIVE;
				GCC_WARN_UNUSED_FUNCTION = YES;
				GCC_WARN_UNUSED_VARIABLE = YES;
				IPHONEOS_DEPLOYMENT_TARGET = 12.1;
				MTL_ENABLE_DEBUG_INFO = NO;
				MTL_FAST_MATH = YES;
				SDKROOT = iphoneos;
				SWIFT_COMPILATION_MODE = wholemodule;
				SWIFT_OPTIMIZATION_LEVEL = "-O";
				VALIDATE_PRODUCT = YES;
			};
			name = Release;
		};
		DD32CF7B22303A0500069D7C /* Debug */ = {
			isa = XCBuildConfiguration;
			baseConfigurationReference = 5DE52D2C04C68A3CF676F675 /* Pods-IAPHelperDemo.debug.xcconfig */;
			buildSettings = {
				ASSETCATALOG_COMPILER_APPICON_NAME = AppIcon;
				CODE_SIGN_STYLE = Automatic;
				DEVELOPMENT_TEAM = PYFJPHMP24;
				INFOPLIST_FILE = IAPHelperDemo/Info.plist;
				LD_RUNPATH_SEARCH_PATHS = (
					"$(inherited)",
					"@executable_path/Frameworks",
				);
				PRODUCT_BUNDLE_IDENTIFIER = com.physics.BallvsBall;
				PRODUCT_NAME = "$(TARGET_NAME)";
				SWIFT_VERSION = 4.2;
				TARGETED_DEVICE_FAMILY = "1,2";
			};
			name = Debug;
		};
		DD32CF7C22303A0500069D7C /* Release */ = {
			isa = XCBuildConfiguration;
			baseConfigurationReference = 0CF7A7FCB307756CAA6F4CC5 /* Pods-IAPHelperDemo.release.xcconfig */;
			buildSettings = {
				ASSETCATALOG_COMPILER_APPICON_NAME = AppIcon;
				CODE_SIGN_STYLE = Automatic;
				DEVELOPMENT_TEAM = PYFJPHMP24;
				INFOPLIST_FILE = IAPHelperDemo/Info.plist;
				LD_RUNPATH_SEARCH_PATHS = (
					"$(inherited)",
					"@executable_path/Frameworks",
				);
				PRODUCT_BUNDLE_IDENTIFIER = com.physics.BallvsBall;
				PRODUCT_NAME = "$(TARGET_NAME)";
				SWIFT_VERSION = 4.2;
				TARGETED_DEVICE_FAMILY = "1,2";
			};
			name = Release;
		};
/* End XCBuildConfiguration section */

/* Begin XCConfigurationList section */
		DD32CF6322303A0400069D7C /* Build configuration list for PBXProject "IAPHelperDemo" */ = {
			isa = XCConfigurationList;
			buildConfigurations = (
				DD32CF7822303A0500069D7C /* Debug */,
				DD32CF7922303A0500069D7C /* Release */,
			);
			defaultConfigurationIsVisible = 0;
			defaultConfigurationName = Release;
		};
		DD32CF7A22303A0500069D7C /* Build configuration list for PBXNativeTarget "IAPHelperDemo" */ = {
			isa = XCConfigurationList;
			buildConfigurations = (
				DD32CF7B22303A0500069D7C /* Debug */,
				DD32CF7C22303A0500069D7C /* Release */,
			);
			defaultConfigurationIsVisible = 0;
			defaultConfigurationName = Release;
		};
/* End XCConfigurationList section */
	};
	rootObject = DD32CF6022303A0400069D7C /* Project object */;
}
